
Microsoft Visual Studio Solution File, Format Version 12.00
# Visual Studio 15
VisualStudioVersion = 15.0.26430.15
MinimumVisualStudioVersion = 10.0.40219.1
Project("{F2A71F9B-5D33-465A-A702-920D77279786}") = "FsMenu.Core", "src\FsMenu.Core\FsMenu.Core.fsproj", "{B1E153E6-8A13-4D07-81F5-161FD571C1BE}"
EndProject
Project("{F2A71F9B-5D33-465A-A702-920D77279786}") = "FsMenu.Console", "tests\FsMenu.Console\FsMenu.Console.fsproj", "{EA938605-9ECD-45E1-BFEF-8F6B1F5AEFA4}"
EndProject
Project("{2150E333-8FDC-42A3-9474-1A3956D46DE8}") = "src", "src", "{D5BCD177-432F-4089-B156-7FA1FD8EDA05}"
EndProject
Project("{2150E333-8FDC-42A3-9474-1A3956D46DE8}") = "tests", "tests", "{982A1C3A-0329-4D75-A083-1EADEF93A56F}"
EndProject
Project("{2150E333-8FDC-42A3-9474-1A3956D46DE8}") = "Solution Items", "Solution Items", "{44DB43C9-DF99-4A51-89DA-3C42A1D57F5C}"
	ProjectSection(SolutionItems) = preProject
		README.md = README.md
		sample2.md = sample2.md
	EndProjectSection
EndProject
Global
	GlobalSection(SolutionConfigurationPlatforms) = preSolution
		Debug|Any CPU = Debug|Any CPU
		Release|Any CPU = Release|Any CPU
	EndGlobalSection
	GlobalSection(ProjectConfigurationPlatforms) = postSolution
		{B1E153E6-8A13-4D07-81F5-161FD571C1BE}.Debug|Any CPU.ActiveCfg = Debug|Any CPU
		{B1E153E6-8A13-4D07-81F5-161FD571C1BE}.Debug|Any CPU.Build.0 = Debug|Any CPU
		{B1E153E6-8A13-4D07-81F5-161FD571C1BE}.Release|Any CPU.ActiveCfg = Release|Any CPU
		{B1E153E6-8A13-4D07-81F5-161FD571C1BE}.Release|Any CPU.Build.0 = Release|Any CPU
		{EA938605-9ECD-45E1-BFEF-8F6B1F5AEFA4}.Debug|Any CPU.ActiveCfg = Debug|Any CPU
		{EA938605-9ECD-45E1-BFEF-8F6B1F5AEFA4}.Debug|Any CPU.Build.0 = Debug|Any CPU
		{EA938605-9ECD-45E1-BFEF-8F6B1F5AEFA4}.Release|Any CPU.ActiveCfg = Release|Any CPU
		{EA938605-9ECD-45E1-BFEF-8F6B1F5AEFA4}.Release|Any CPU.Build.0 = Release|Any CPU
	EndGlobalSection
	GlobalSection(SolutionProperties) = preSolution
		HideSolutionNode = FALSE
	EndGlobalSection
	GlobalSection(NestedProjects) = preSolution
		{B1E153E6-8A13-4D07-81F5-161FD571C1BE} = {D5BCD177-432F-4089-B156-7FA1FD8EDA05}
		{EA938605-9ECD-45E1-BFEF-8F6B1F5AEFA4} = {982A1C3A-0329-4D75-A083-1EADEF93A56F}
	EndGlobalSection
EndGlobal
